
Microsoft Visual Studio Solution File, Format Version 12.00
# Visual Studio 15
VisualStudioVersion = 15.0.26730.16
MinimumVisualStudioVersion = 10.0.40219.1
Project("{FAE04EC0-301F-11D3-BF4B-00C04F79EFBC}") = "ProjetOthello", "ProjetOthello\ProjetOthello.csproj", "{A5B2E6D7-12FB-454E-A284-FF752F3AB393}"
EndProject
Global
	GlobalSection(SolutionConfigurationPlatforms) = preSolution
		Debug|Any CPU = Debug|Any CPU
		Release|Any CPU = Release|Any CPU
	EndGlobalSection
	GlobalSection(ProjectConfigurationPlatforms) = postSolution
		{A5B2E6D7-12FB-454E-A284-FF752F3AB393}.Debug|Any CPU.ActiveCfg = Debug|Any CPU
		{A5B2E6D7-12FB-454E-A284-FF752F3AB393}.Debug|Any CPU.Build.0 = Debug|Any CPU
		{A5B2E6D7-12FB-454E-A284-FF752F3AB393}.Release|Any CPU.ActiveCfg = Release|Any CPU
		{A5B2E6D7-12FB-454E-A284-FF752F3AB393}.Release|Any CPU.Build.0 = Release|Any CPU
	EndGlobalSection
	GlobalSection(SolutionProperties) = preSolution
		HideSolutionNode = FALSE
	EndGlobalSection
	GlobalSection(ExtensibilityGlobals) = postSolution
		SolutionGuid = {0EBD3F82-5906-427F-9B6A-2ADA6A344C49}
	EndGlobalSection
EndGlobal
